<?xml version="1.0" encoding="utf-8"?>
<Project ToolsVersion="4.0" xmlns="http://schemas.microsoft.com/developer/msbuild/2003">
  <ItemGroup>
    <Filter Include="Engine">
      <UniqueIdentifier>{e5fccdcb-f299-4448-bdb6-01fa28039576}</UniqueIdentifier>
    </Filter>
    <Filter Include="Engine\Collider">
      <UniqueIdentifier>{7f19ecfb-5d70-4d31-a1f7-c9dd14bad324}</UniqueIdentifier>
    </Filter>
    <Filter Include="Engine\DirectX">
      <UniqueIdentifier>{e56f8c9a-95a5-4ceb-b65f-5b8e572d087b}</UniqueIdentifier>
    </Filter>
    <Filter Include="Engine\GameObject">
      <UniqueIdentifier>{b450e438-c939-4b05-b319-0e3c0b4a335c}</UniqueIdentifier>
    </Filter>
    <Filter Include="Engine\ResourceManager">
      <UniqueIdentifier>{bedee914-5063-4c08-95bb-79c861b4969c}</UniqueIdentifier>
    </Filter>
    <Filter Include="Shader">
      <UniqueIdentifier>{47a6a3f5-8cfd-436b-8d58-beccd108f3f3}</UniqueIdentifier>
      <Extensions>hlsl</Extensions>
    </Filter>
    <Filter Include="Game">
      <UniqueIdentifier>{cc686a85-5dcc-422f-819f-fce3d3cc62b6}</UniqueIdentifier>
    </Filter>
    <Filter Include="Game\Scene">
      <UniqueIdentifier>{39eac3b7-55f6-4576-8c8c-db9f8d5e1c84}</UniqueIdentifier>
    </Filter>
    <Filter Include="Engine\Util">
      <UniqueIdentifier>{8b0b5259-a139-4139-9410-d13a1aa0c86a}</UniqueIdentifier>
    </Filter>
    <Filter Include="ImGui">
      <UniqueIdentifier>{2198382d-6f33-4c86-b8b7-c1a0efb199df}</UniqueIdentifier>
    </Filter>
  </ItemGroup>
  <ItemGroup>
    <ClCompile Include="Source\Engine\BoxCollider.cpp">
      <Filter>Engine\Collider</Filter>
    </ClCompile>
    <ClCompile Include="Source\Engine\Collider.cpp">
      <Filter>Engine\Collider</Filter>
    </ClCompile>
    <ClCompile Include="Source\Engine\SphereCollider.cpp">
      <Filter>Engine\Collider</Filter>
    </ClCompile>
    <ClCompile Include="Source\Engine\Direct3D.cpp">
      <Filter>Engine\DirectX</Filter>
    </ClCompile>
    <ClCompile Include="Source\Engine\Fbx.cpp">
      <Filter>Engine\DirectX</Filter>
    </ClCompile>
    <ClCompile Include="Source\Engine\FbxParts.cpp">
      <Filter>Engine\DirectX</Filter>
    </ClCompile>
    <ClCompile Include="Source\Engine\Input.cpp">
      <Filter>Engine\DirectX</Filter>
    </ClCompile>
    <ClCompile Include="Source\Engine\Sprite.cpp">
      <Filter>Engine\DirectX</Filter>
    </ClCompile>
    <ClCompile Include="Source\Engine\GameObject.cpp">
      <Filter>Engine\GameObject</Filter>
    </ClCompile>
    <ClCompile Include="Source\Engine\RootObject.cpp">
      <Filter>Engine\GameObject</Filter>
    </ClCompile>
    <ClCompile Include="Source\Engine\CsvReader.cpp">
      <Filter>Engine\ResourceManager</Filter>
    </ClCompile>
    <ClCompile Include="Source\Engine\Image.cpp">
      <Filter>Engine\ResourceManager</Filter>
    </ClCompile>
    <ClCompile Include="Source\Engine\Model.cpp">
      <Filter>Engine\ResourceManager</Filter>
    </ClCompile>
    <ClCompile Include="Source\Engine\Main.cpp">
      <Filter>Engine</Filter>
    </ClCompile>
    <ClCompile Include="Source\Engine\SceneManager.cpp">
      <Filter>Engine</Filter>
    </ClCompile>
    <ClCompile Include="Source\Engine\Texture.cpp">
      <Filter>Engine\DirectX</Filter>
    </ClCompile>
    <ClCompile Include="Source\Engine\Transform.cpp">
      <Filter>Engine\GameObject</Filter>
    </ClCompile>
    <ClCompile Include="Source\Engine\Audio.cpp">
      <Filter>Engine\ResourceManager</Filter>
    </ClCompile>
    <ClCompile Include="Source\Engine\Text.cpp">
      <Filter>Engine\ResourceManager</Filter>
    </ClCompile>
    <ClCompile Include="Source\Engine\Debug.cpp">
      <Filter>Engine\ResourceManager</Filter>
    </ClCompile>
    <ClCompile Include="Source\Engine\BillBoard.cpp">
      <Filter>Engine\DirectX</Filter>
    </ClCompile>
    <ClCompile Include="Source\Engine\VFX.cpp">
      <Filter>Engine\ResourceManager</Filter>
    </ClCompile>
    <ClCompile Include="Source\Game\TestScene.cpp">
      <Filter>Game\Scene</Filter>
    </ClCompile>
    <ClCompile Include="Source\Game\Player.cpp">
      <Filter>Game</Filter>
    </ClCompile>
    <ClCompile Include="Source\Game\SkyDome.cpp">
      <Filter>Game</Filter>
    </ClCompile>
    <ClCompile Include="Source\Game\Stage.cpp">
      <Filter>Game</Filter>
    </ClCompile>
    <ClCompile Include="Source\Game\PlayScene.cpp">
      <Filter>Game\Scene</Filter>
    </ClCompile>
    <ClCompile Include="Source\Game\ClearScene.cpp">
      <Filter>Game\Scene</Filter>
    </ClCompile>
    <ClCompile Include="Source\Game\OverScene.cpp">
      <Filter>Game\Scene</Filter>
    </ClCompile>
    <ClCompile Include="Source\Game\TitleScene.cpp">
      <Filter>Game\Scene</Filter>
    </ClCompile>
    <ClCompile Include="Source\Game\Bullet.cpp">
      <Filter>Game</Filter>
    </ClCompile>
    <ClCompile Include="Source\Game\Gun.cpp">
      <Filter>Game</Filter>
    </ClCompile>
    <ClCompile Include="Library\ImGui\imgui.cpp">
      <Filter>ImGui</Filter>
    </ClCompile>
    <ClCompile Include="Library\ImGui\imgui_draw.cpp">
      <Filter>ImGui</Filter>
    </ClCompile>
    <ClCompile Include="Library\ImGui\imgui_impl_dx11.cpp">
      <Filter>ImGui</Filter>
    </ClCompile>
    <ClCompile Include="Library\ImGui\imgui_impl_win32.cpp">
      <Filter>ImGui</Filter>
    </ClCompile>
    <ClCompile Include="Library\ImGui\imgui_ja_gryph_ranges.cpp">
      <Filter>ImGui</Filter>
    </ClCompile>
    <ClCompile Include="Library\ImGui\imgui_tables.cpp">
      <Filter>ImGui</Filter>
    </ClCompile>
    <ClCompile Include="Library\ImGui\imgui_widgets.cpp">
      <Filter>ImGui</Filter>
    </ClCompile>
    <ClCompile Include="Source\Engine\VirtualCamera.cpp">
      <Filter>Engine\GameObject</Filter>
    </ClCompile>
    <ClCompile Include="Source\Engine\CameraSet.cpp" />
    <ClCompile Include="Source\Game\Enemy.cpp" />
  </ItemGroup>
  <ItemGroup>
    <ClInclude Include="Source\Engine\BoxCollider.hpp">
      <Filter>Engine\Collider</Filter>
    </ClInclude>
    <ClInclude Include="Source\Engine\Collider.hpp">
      <Filter>Engine\Collider</Filter>
    </ClInclude>
    <ClInclude Include="Source\Engine\SphereCollider.hpp">
      <Filter>Engine\Collider</Filter>
    </ClInclude>
    <ClInclude Include="Source\Engine\Direct3D.hpp">
      <Filter>Engine\DirectX</Filter>
    </ClInclude>
    <ClInclude Include="Source\Engine\Fbx.hpp">
      <Filter>Engine\DirectX</Filter>
    </ClInclude>
    <ClInclude Include="Source\Engine\FbxParts.hpp">
      <Filter>Engine\DirectX</Filter>
    </ClInclude>
    <ClInclude Include="Source\Engine\Input.hpp">
      <Filter>Engine\DirectX</Filter>
    </ClInclude>
    <ClInclude Include="Source\Engine\Sprite.hpp">
      <Filter>Engine\DirectX</Filter>
    </ClInclude>
    <ClInclude Include="Source\Engine\GameObject.hpp">
      <Filter>Engine\GameObject</Filter>
    </ClInclude>
    <ClInclude Include="Source\Engine\RootObject.hpp">
      <Filter>Engine\GameObject</Filter>
    </ClInclude>
    <ClInclude Include="Source\Engine\CsvReader.hpp">
      <Filter>Engine\ResourceManager</Filter>
    </ClInclude>
    <ClInclude Include="Source\Engine\Image.hpp">
      <Filter>Engine\ResourceManager</Filter>
    </ClInclude>
    <ClInclude Include="Source\Engine\Model.hpp">
      <Filter>Engine\ResourceManager</Filter>
    </ClInclude>
    <ClInclude Include="Source\Engine\SceneManager.hpp">
      <Filter>Engine</Filter>
    </ClInclude>
    <ClInclude Include="Source\Engine\Texture.hpp">
      <Filter>Engine\DirectX</Filter>
    </ClInclude>
    <ClInclude Include="Source\Engine\Transform.hpp">
      <Filter>Engine\GameObject</Filter>
    </ClInclude>
    <ClInclude Include="Source\Engine\Audio.hpp">
      <Filter>Engine\ResourceManager</Filter>
    </ClInclude>
    <ClInclude Include="Source\Engine\Text.hpp">
      <Filter>Engine\ResourceManager</Filter>
    </ClInclude>
    <ClInclude Include="Source\Engine\Debug.hpp">
      <Filter>Engine\ResourceManager</Filter>
    </ClInclude>
    <ClInclude Include="Source\Engine\BillBoard.hpp">
      <Filter>Engine\DirectX</Filter>
    </ClInclude>
    <ClInclude Include="Source\Engine\VFX.hpp">
      <Filter>Engine\ResourceManager</Filter>
    </ClInclude>
    <ClInclude Include="Source\Game\TestScene.hpp">
      <Filter>Game\Scene</Filter>
    </ClInclude>
    <ClInclude Include="Source\Engine\SafeCleaning.hpp">
      <Filter>Engine\Util</Filter>
    </ClInclude>
    <ClInclude Include="Source\Game\Stage.hpp">
      <Filter>Game</Filter>
    </ClInclude>
    <ClInclude Include="Source\Game\Player.hpp">
      <Filter>Game</Filter>
    </ClInclude>
    <ClInclude Include="Source\Game\SkyDome.hpp">
      <Filter>Game</Filter>
    </ClInclude>
    <ClInclude Include="Source\Game\PlayScene.hpp">
      <Filter>Game\Scene</Filter>
    </ClInclude>
    <ClInclude Include="Source\Game\TitleScene.hpp">
      <Filter>Game\Scene</Filter>
    </ClInclude>
    <ClInclude Include="Source\Game\ClearScene.hpp">
      <Filter>Game\Scene</Filter>
    </ClInclude>
    <ClInclude Include="Source\Game\OverScene.hpp">
      <Filter>Game\Scene</Filter>
    </ClInclude>
    <ClInclude Include="Source\Game\Gun.hpp">
      <Filter>Game</Filter>
    </ClInclude>
    <ClInclude Include="Source\Game\Bullet.hpp">
      <Filter>Game</Filter>
    </ClInclude>
    <ClInclude Include="Library\ImGui\imconfig.h">
      <Filter>ImGui</Filter>
    </ClInclude>
    <ClInclude Include="Library\ImGui\imgui.h">
      <Filter>ImGui</Filter>
    </ClInclude>
    <ClInclude Include="Library\ImGui\imgui_impl_dx11.h">
      <Filter>ImGui</Filter>
    </ClInclude>
    <ClInclude Include="Library\ImGui\imgui_impl_win32.h">
      <Filter>ImGui</Filter>
    </ClInclude>
    <ClInclude Include="Library\ImGui\imgui_internal.h">
      <Filter>ImGui</Filter>
    </ClInclude>
    <ClInclude Include="Library\ImGui\imstb_rectpack.h">
      <Filter>ImGui</Filter>
    </ClInclude>
    <ClInclude Include="Library\ImGui\imstb_textedit.h">
      <Filter>ImGui</Filter>
    </ClInclude>
    <ClInclude Include="Library\ImGui\imstb_truetype.h">
      <Filter>ImGui</Filter>
    </ClInclude>
    <ClInclude Include="Source\Engine\CameraSet.hpp">
      <Filter>Engine\ResourceManager</Filter>
    </ClInclude>
    <ClInclude Include="Source\Engine\VirtualCamera.hpp">
      <Filter>Engine\GameObject</Filter>
    </ClInclude>
    <ClInclude Include="Source\Engine\Screen.hpp">
      <Filter>Engine\Util</Filter>
    </ClInclude>
    <ClInclude Include="Source\Game\Enemy.hpp">
      <Filter>Game</Filter>
    </ClInclude>
  </ItemGroup>
  <ItemGroup>
    <FxCompile Include="Assets\Shader\Simple2D.hlsl">
      <Filter>Shader</Filter>
    </FxCompile>
    <FxCompile Include="Assets\Shader\Simple3D.hlsl">
      <Filter>Shader</Filter>
    </FxCompile>
    <FxCompile Include="Assets\Shader\Debug3D.hlsl">
      <Filter>Shader</Filter>
    </FxCompile>
    <FxCompile Include="Assets\Shader\BillBoard.hlsl">
      <Filter>Shader</Filter>
    </FxCompile>
  </ItemGroup>
</Project>